
Microsoft Visual Studio Solution File, Format Version 12.00
# Visual Studio Version 17
VisualStudioVersion = 17.3.32825.248
MinimumVisualStudioVersion = 10.0.40219.1
Project("{FAE04EC0-301F-11D3-BF4B-00C04F79EFBC}") = "NET6_WEB_API_TEMPLATE_JWT", "NET6_WEB_API_TEMPLATE_JWT.csproj", "{03A801D7-F46C-46CF-942D-B3E3683D141A}"
EndProject
Global
	GlobalSection(SolutionConfigurationPlatforms) = preSolution
		Debug|Any CPU = Debug|Any CPU
		Release|Any CPU = Release|Any CPU
	EndGlobalSection
	GlobalSection(ProjectConfigurationPlatforms) = postSolution
		{03A801D7-F46C-46CF-942D-B3E3683D141A}.Debug|Any CPU.ActiveCfg = Debug|Any CPU
		{03A801D7-F46C-46CF-942D-B3E3683D141A}.Debug|Any CPU.Build.0 = Debug|Any CPU
		{03A801D7-F46C-46CF-942D-B3E3683D141A}.Release|Any CPU.ActiveCfg = Release|Any CPU
		{03A801D7-F46C-46CF-942D-B3E3683D141A}.Release|Any CPU.Build.0 = Release|Any CPU
	EndGlobalSection
	GlobalSection(SolutionProperties) = preSolution
		HideSolutionNode = FALSE
	EndGlobalSection
	GlobalSection(ExtensibilityGlobals) = postSolution
		SolutionGuid = {5CBFA3A6-E9CD-40FD-A211-B354BC072D39}
	EndGlobalSection
EndGlobal
